
Microsoft Visual Studio Solution File, Format Version 12.00
# Visual Studio Version 17
VisualStudioVersion = 17.1.32414.318
MinimumVisualStudioVersion = 10.0.40219.1
Project("{8BC9CEB8-8B4A-11D0-8D11-00A0C91BC942}") = "Game_console", "Game_console.vcxproj", "{1256B0E4-89D8-4672-A84A-B25FE43F8142}"
EndProject
Global
	GlobalSection(SolutionConfigurationPlatforms) = preSolution
		Debug|x64 = Debug|x64
		Debug|x86 = Debug|x86
		Release|x64 = Release|x64
		Release|x86 = Release|x86
	EndGlobalSection
	GlobalSection(ProjectConfigurationPlatforms) = postSolution
		{1256B0E4-89D8-4672-A84A-B25FE43F8142}.Debug|x64.ActiveCfg = Debug|x64
		{1256B0E4-89D8-4672-A84A-B25FE43F8142}.Debug|x64.Build.0 = Debug|x64
		{1256B0E4-89D8-4672-A84A-B25FE43F8142}.Debug|x86.ActiveCfg = Debug|Win32
		{1256B0E4-89D8-4672-A84A-B25FE43F8142}.Debug|x86.Build.0 = Debug|Win32
		{1256B0E4-89D8-4672-A84A-B25FE43F8142}.Release|x64.ActiveCfg = Release|x64
		{1256B0E4-89D8-4672-A84A-B25FE43F8142}.Release|x64.Build.0 = Release|x64
		{1256B0E4-89D8-4672-A84A-B25FE43F8142}.Release|x86.ActiveCfg = Release|Win32
		{1256B0E4-89D8-4672-A84A-B25FE43F8142}.Release|x86.Build.0 = Release|Win32
	EndGlobalSection
	GlobalSection(SolutionProperties) = preSolution
		HideSolutionNode = FALSE
	EndGlobalSection
	GlobalSection(ExtensibilityGlobals) = postSolution
		SolutionGuid = {B7423F1E-B793-457F-93AC-12600BD6F101}
	EndGlobalSection
EndGlobal
